
Microsoft Visual Studio Solution File, Format Version 12.00
# Visual Studio Version 17
VisualStudioVersion = 17.1.32210.238
MinimumVisualStudioVersion = 10.0.40219.1
Project("{FAE04EC0-301F-11D3-BF4B-00C04F79EFBC}") = "FutureValue", "FutureValue\FutureValue.csproj", "{0D09DC9F-BD2D-40BC-A393-A6A731EFEFA1}"
EndProject
Global
	GlobalSection(SolutionConfigurationPlatforms) = preSolution
		Debug|Any CPU = Debug|Any CPU
		Release|Any CPU = Release|Any CPU
	EndGlobalSection
	GlobalSection(ProjectConfigurationPlatforms) = postSolution
		{0D09DC9F-BD2D-40BC-A393-A6A731EFEFA1}.Debug|Any CPU.ActiveCfg = Debug|Any CPU
		{0D09DC9F-BD2D-40BC-A393-A6A731EFEFA1}.Debug|Any CPU.Build.0 = Debug|Any CPU
		{0D09DC9F-BD2D-40BC-A393-A6A731EFEFA1}.Release|Any CPU.ActiveCfg = Release|Any CPU
		{0D09DC9F-BD2D-40BC-A393-A6A731EFEFA1}.Release|Any CPU.Build.0 = Release|Any CPU
	EndGlobalSection
	GlobalSection(SolutionProperties) = preSolution
		HideSolutionNode = FALSE
	EndGlobalSection
	GlobalSection(ExtensibilityGlobals) = postSolution
		SolutionGuid = {97290E71-6FE5-497D-90DC-FB630612A09E}
	EndGlobalSection
EndGlobal
